
Microsoft Visual Studio Solution File, Format Version 12.00
# Visual Studio Version 17
VisualStudioVersion = 17.9.34616.47
MinimumVisualStudioVersion = 10.0.40219.1
Project("{FAE04EC0-301F-11D3-BF4B-00C04F79EFBC}") = "InterfaceHomeWork_IResizable", "InterfaceHomeWork_IResizable.csproj", "{31EF9837-27B5-478D-9DE6-29BEEBE60868}"
EndProject
Global
	GlobalSection(SolutionConfigurationPlatforms) = preSolution
		Debug|Any CPU = Debug|Any CPU
		Release|Any CPU = Release|Any CPU
	EndGlobalSection
	GlobalSection(ProjectConfigurationPlatforms) = postSolution
		{31EF9837-27B5-478D-9DE6-29BEEBE60868}.Debug|Any CPU.ActiveCfg = Debug|Any CPU
		{31EF9837-27B5-478D-9DE6-29BEEBE60868}.Debug|Any CPU.Build.0 = Debug|Any CPU
		{31EF9837-27B5-478D-9DE6-29BEEBE60868}.Release|Any CPU.ActiveCfg = Release|Any CPU
		{31EF9837-27B5-478D-9DE6-29BEEBE60868}.Release|Any CPU.Build.0 = Release|Any CPU
	EndGlobalSection
	GlobalSection(SolutionProperties) = preSolution
		HideSolutionNode = FALSE
	EndGlobalSection
	GlobalSection(ExtensibilityGlobals) = postSolution
		SolutionGuid = {D47AB1FD-3E82-4F06-9AD5-210539D7156B}
	EndGlobalSection
EndGlobal
